
Microsoft Visual Studio Solution File, Format Version 12.00
# Visual Studio 15
VisualStudioVersion = 15.0.26730.10
MinimumVisualStudioVersion = 10.0.40219.1
Project("{A0786B88-2ADB-4C21-ABE8-AA2D79766269}") = "project", "project.phpproj", "{5F4D3B1E-4D55-4A5E-8797-055D12F11282}"
EndProject
Global
	GlobalSection(SolutionConfigurationPlatforms) = preSolution
		Debug|Any CPU = Debug|Any CPU
		Release|Any CPU = Release|Any CPU
	EndGlobalSection
	GlobalSection(ProjectConfigurationPlatforms) = postSolution
		{5F4D3B1E-4D55-4A5E-8797-055D12F11282}.Debug|Any CPU.ActiveCfg = Debug|Any CPU
		{5F4D3B1E-4D55-4A5E-8797-055D12F11282}.Release|Any CPU.ActiveCfg = Release|Any CPU
	EndGlobalSection
	GlobalSection(SolutionProperties) = preSolution
		HideSolutionNode = FALSE
	EndGlobalSection
	GlobalSection(ExtensibilityGlobals) = postSolution
		SolutionGuid = {4895E41F-3002-4FAA-8D18-F3FE559DCBA1}
	EndGlobalSection
EndGlobal
